// !$*UTF8*$!
{
	archiveVersion = 1;
	classes = {
	};
	objectVersion = 46;
	objects = {

/* Begin PBXBuildFile section */
		09545463FFA2473F9F223361 /* libPods.a in Frameworks */ = {isa = PBXBuildFile; fileRef = 81CB7D6B303A4384A940032C /* libPods.a */; };
		4F570141180E5D0E00E12444 /* Foundation.framework in Frameworks */ = {isa = PBXBuildFile; fileRef = 4F570140180E5D0E00E12444 /* Foundation.framework */; };
		4F570143180E5D0E00E12444 /* CoreGraphics.framework in Frameworks */ = {isa = PBXBuildFile; fileRef = 4F570142180E5D0E00E12444 /* CoreGraphics.framework */; };
		4F570145180E5D0E00E12444 /* UIKit.framework in Frameworks */ = {isa = PBXBuildFile; fileRef = 4F570144180E5D0E00E12444 /* UIKit.framework */; };
		8197E23018B8582700208F06 /* Accelerate.framework in Frameworks */ = {isa = PBXBuildFile; fileRef = 8197E22F18B8582700208F06 /* Accelerate.framework */; };
		8197E23218B8583600208F06 /* AdSupport.framework in Frameworks */ = {isa = PBXBuildFile; fileRef = 8197E23118B8583600208F06 /* AdSupport.framework */; };
		8197E23418B8584000208F06 /* CoreData.framework in Frameworks */ = {isa = PBXBuildFile; fileRef = 8197E23318B8584000208F06 /* CoreData.framework */; };
		8197E23618B8584900208F06 /* CoreText.framework in Frameworks */ = {isa = PBXBuildFile; fileRef = 8197E23518B8584900208F06 /* CoreText.framework */; };
		DA35033018B725E600999AFC /* AppDelegate.m in Sources */ = {isa = PBXBuildFile; fileRef = DA35032F18B725E600999AFC /* AppDelegate.m */; };
		DA35033318B725EF00999AFC /* RootViewController.m in Sources */ = {isa = PBXBuildFile; fileRef = DA35033218B725EF00999AFC /* RootViewController.m */; };
		DA35034518B7264D00999AFC /* MCRPhotoDisplayViewCell.m in Sources */ = {isa = PBXBuildFile; fileRef = DA35033618B7264D00999AFC /* MCRPhotoDisplayViewCell.m */; };
		DA35034618B7264D00999AFC /* MCRPhotoDisplayViewController.m in Sources */ = {isa = PBXBuildFile; fileRef = DA35033818B7264D00999AFC /* MCRPhotoDisplayViewController.m */; };
		DA35034718B7264D00999AFC /* MCRPhotoEditViewController.m in Sources */ = {isa = PBXBuildFile; fileRef = DA35033A18B7264D00999AFC /* MCRPhotoEditViewController.m */; };
		DA35034818B7264D00999AFC /* MCRPhotoMetadata.m in Sources */ = {isa = PBXBuildFile; fileRef = DA35033C18B7264D00999AFC /* MCRPhotoMetadata.m */; };
		DA35034918B7264D00999AFC /* MCRPhotoPickerController.m in Sources */ = {isa = PBXBuildFile; fileRef = DA35033E18B7264D00999AFC /* MCRPhotoPickerController.m */; };
		DA35034A18B7264D00999AFC /* MCRPhotoPickerControllerConstants.m in Sources */ = {isa = PBXBuildFile; fileRef = DA35034018B7264D00999AFC /* MCRPhotoPickerControllerConstants.m */; };
		DA35034B18B7264D00999AFC /* MCRPhotoTag.m in Sources */ = {isa = PBXBuildFile; fileRef = DA35034218B7264D00999AFC /* MCRPhotoTag.m */; };
		DA35034C18B7264D00999AFC /* UIImagePickerController+Edit.m in Sources */ = {isa = PBXBuildFile; fileRef = DA35034418B7264D00999AFC /* UIImagePickerController+Edit.m */; };
		DA35035518B7266200999AFC /* MCRPhotoServiceClient.m in Sources */ = {isa = PBXBuildFile; fileRef = DA35034F18B7266200999AFC /* MCRPhotoServiceClient.m */; };
		DA35035618B7266200999AFC /* MCRPhotoServiceConstants.m in Sources */ = {isa = PBXBuildFile; fileRef = DA35035218B7266200999AFC /* MCRPhotoServiceConstants.m */; };
		DA35035718B7266200999AFC /* MCRPhotoServiceFactory.m in Sources */ = {isa = PBXBuildFile; fileRef = DA35035418B7266200999AFC /* MCRPhotoServiceFactory.m */; };
		DA35035D18B7267800999AFC /* Images.xcassets in Resources */ = {isa = PBXBuildFile; fileRef = DA35035818B7267800999AFC /* Images.xcassets */; };
		DA35035F18B7267800999AFC /* main.m in Sources */ = {isa = PBXBuildFile; fileRef = DA35035B18B7267800999AFC /* main.m */; };
		DA35036218B7269700999AFC /* Main_iPhone.storyboard in Resources */ = {isa = PBXBuildFile; fileRef = DA35036018B7269700999AFC /* Main_iPhone.storyboard */; };
/* End PBXBuildFile section */

/* Begin PBXFileReference section */
		4F57013D180E5D0E00E12444 /* Maccori.app */ = {isa = PBXFileReference; explicitFileType = wrapper.application; includeInIndex = 0; path = Maccori.app; sourceTree = BUILT_PRODUCTS_DIR; };
		4F570140180E5D0E00E12444 /* Foundation.framework */ = {isa = PBXFileReference; lastKnownFileType = wrapper.framework; name = Foundation.framework; path = System/Library/Frameworks/Foundation.framework; sourceTree = SDKROOT; };
		4F570142180E5D0E00E12444 /* CoreGraphics.framework */ = {isa = PBXFileReference; lastKnownFileType = wrapper.framework; name = CoreGraphics.framework; path = System/Library/Frameworks/CoreGraphics.framework; sourceTree = SDKROOT; };
		4F570144180E5D0E00E12444 /* UIKit.framework */ = {isa = PBXFileReference; lastKnownFileType = wrapper.framework; name = UIKit.framework; path = System/Library/Frameworks/UIKit.framework; sourceTree = SDKROOT; };
		4F570162180E5D0E00E12444 /* XCTest.framework */ = {isa = PBXFileReference; lastKnownFileType = wrapper.framework; name = XCTest.framework; path = Library/Frameworks/XCTest.framework; sourceTree = DEVELOPER_DIR; };
		4F97B28F18B066E500DED8C0 /* libcommonCrypto.dylib */ = {isa = PBXFileReference; lastKnownFileType = "compiled.mach-o.dylib"; name = libcommonCrypto.dylib; path = usr/lib/system/libcommonCrypto.dylib; sourceTree = SDKROOT; };
		8197E22F18B8582700208F06 /* Accelerate.framework */ = {isa = PBXFileReference; lastKnownFileType = wrapper.framework; name = Accelerate.framework; path = System/Library/Frameworks/Accelerate.framework; sourceTree = SDKROOT; };
		8197E23118B8583600208F06 /* AdSupport.framework */ = {isa = PBXFileReference; lastKnownFileType = wrapper.framework; name = AdSupport.framework; path = System/Library/Frameworks/AdSupport.framework; sourceTree = SDKROOT; };
		8197E23318B8584000208F06 /* CoreData.framework */ = {isa = PBXFileReference; lastKnownFileType = wrapper.framework; name = CoreData.framework; path = System/Library/Frameworks/CoreData.framework; sourceTree = SDKROOT; };
		8197E23518B8584900208F06 /* CoreText.framework */ = {isa = PBXFileReference; lastKnownFileType = wrapper.framework; name = CoreText.framework; path = System/Library/Frameworks/CoreText.framework; sourceTree = SDKROOT; };
		81CB7D6B303A4384A940032C /* libPods.a */ = {isa = PBXFileReference; explicitFileType = archive.ar; includeInIndex = 0; path = libPods.a; sourceTree = BUILT_PRODUCTS_DIR; };
		880742B9C52B4EC59B669AE3 /* Pods.xcconfig */ = {isa = PBXFileReference; includeInIndex = 1; lastKnownFileType = text.xcconfig; name = Pods.xcconfig; path = Pods/Pods.xcconfig; sourceTree = SOURCE_ROOT; };
		DA35032E18B725E600999AFC /* AppDelegate.h */ = {isa = PBXFileReference; fileEncoding = 4; lastKnownFileType = sourcecode.c.h; name = AppDelegate.h; path = Maccori/AppDelegate.h; sourceTree = "<group>"; };
		DA35032F18B725E600999AFC /* AppDelegate.m */ = {isa = PBXFileReference; fileEncoding = 4; lastKnownFileType = sourcecode.c.objc; name = AppDelegate.m; path = Maccori/AppDelegate.m; sourceTree = "<group>"; };
		DA35033118B725EF00999AFC /* RootViewController.h */ = {isa = PBXFileReference; fileEncoding = 4; lastKnownFileType = sourcecode.c.h; name = RootViewController.h; path = Maccori/RootViewController.h; sourceTree = "<group>"; };
		DA35033218B725EF00999AFC /* RootViewController.m */ = {isa = PBXFileReference; fileEncoding = 4; lastKnownFileType = sourcecode.c.objc; name = RootViewController.m; path = Maccori/RootViewController.m; sourceTree = "<group>"; };
		DA35033518B7264D00999AFC /* MCRPhotoDisplayViewCell.h */ = {isa = PBXFileReference; fileEncoding = 4; lastKnownFileType = sourcecode.c.h; path = MCRPhotoDisplayViewCell.h; sourceTree = "<group>"; };
		DA35033618B7264D00999AFC /* MCRPhotoDisplayViewCell.m */ = {isa = PBXFileReference; fileEncoding = 4; lastKnownFileType = sourcecode.c.objc; path = MCRPhotoDisplayViewCell.m; sourceTree = "<group>"; };
		DA35033718B7264D00999AFC /* MCRPhotoDisplayViewController.h */ = {isa = PBXFileReference; fileEncoding = 4; lastKnownFileType = sourcecode.c.h; path = MCRPhotoDisplayViewController.h; sourceTree = "<group>"; };
		DA35033818B7264D00999AFC /* MCRPhotoDisplayViewController.m */ = {isa = PBXFileReference; fileEncoding = 4; lastKnownFileType = sourcecode.c.objc; path = MCRPhotoDisplayViewController.m; sourceTree = "<group>"; };
		DA35033918B7264D00999AFC /* MCRPhotoEditViewController.h */ = {isa = PBXFileReference; fileEncoding = 4; lastKnownFileType = sourcecode.c.h; path = MCRPhotoEditViewController.h; sourceTree = "<group>"; };
		DA35033A18B7264D00999AFC /* MCRPhotoEditViewController.m */ = {isa = PBXFileReference; fileEncoding = 4; lastKnownFileType = sourcecode.c.objc; path = MCRPhotoEditViewController.m; sourceTree = "<group>"; };
		DA35033B18B7264D00999AFC /* MCRPhotoMetadata.h */ = {isa = PBXFileReference; fileEncoding = 4; lastKnownFileType = sourcecode.c.h; path = MCRPhotoMetadata.h; sourceTree = "<group>"; };
		DA35033C18B7264D00999AFC /* MCRPhotoMetadata.m */ = {isa = PBXFileReference; fileEncoding = 4; lastKnownFileType = sourcecode.c.objc; path = MCRPhotoMetadata.m; sourceTree = "<group>"; };
		DA35033D18B7264D00999AFC /* MCRPhotoPickerController.h */ = {isa = PBXFileReference; fileEncoding = 4; lastKnownFileType = sourcecode.c.h; path = MCRPhotoPickerController.h; sourceTree = "<group>"; };
		DA35033E18B7264D00999AFC /* MCRPhotoPickerController.m */ = {isa = PBXFileReference; fileEncoding = 4; lastKnownFileType = sourcecode.c.objc; path = MCRPhotoPickerController.m; sourceTree = "<group>"; };
		DA35033F18B7264D00999AFC /* MCRPhotoPickerControllerConstants.h */ = {isa = PBXFileReference; fileEncoding = 4; lastKnownFileType = sourcecode.c.h; path = MCRPhotoPickerControllerConstants.h; sourceTree = "<group>"; };
		DA35034018B7264D00999AFC /* MCRPhotoPickerControllerConstants.m */ = {isa = PBXFileReference; fileEncoding = 4; lastKnownFileType = sourcecode.c.objc; path = MCRPhotoPickerControllerConstants.m; sourceTree = "<group>"; };
		DA35034118B7264D00999AFC /* MCRPhotoTag.h */ = {isa = PBXFileReference; fileEncoding = 4; lastKnownFileType = sourcecode.c.h; path = MCRPhotoTag.h; sourceTree = "<group>"; };
		DA35034218B7264D00999AFC /* MCRPhotoTag.m */ = {isa = PBXFileReference; fileEncoding = 4; lastKnownFileType = sourcecode.c.objc; path = MCRPhotoTag.m; sourceTree = "<group>"; };
		DA35034318B7264D00999AFC /* UIImagePickerController+Edit.h */ = {isa = PBXFileReference; fileEncoding = 4; lastKnownFileType = sourcecode.c.h; path = "UIImagePickerController+Edit.h"; sourceTree = "<group>"; };
		DA35034418B7264D00999AFC /* UIImagePickerController+Edit.m */ = {isa = PBXFileReference; fileEncoding = 4; lastKnownFileType = sourcecode.c.objc; path = "UIImagePickerController+Edit.m"; sourceTree = "<group>"; };
		DA35034E18B7266200999AFC /* MCRPhotoServiceClient.h */ = {isa = PBXFileReference; fileEncoding = 4; lastKnownFileType = sourcecode.c.h; path = MCRPhotoServiceClient.h; sourceTree = "<group>"; };
		DA35034F18B7266200999AFC /* MCRPhotoServiceClient.m */ = {isa = PBXFileReference; fileEncoding = 4; lastKnownFileType = sourcecode.c.objc; path = MCRPhotoServiceClient.m; sourceTree = "<group>"; };
		DA35035018B7266200999AFC /* MCRPhotoServiceClientProtocol.h */ = {isa = PBXFileReference; fileEncoding = 4; lastKnownFileType = sourcecode.c.h; path = MCRPhotoServiceClientProtocol.h; sourceTree = "<group>"; };
		DA35035118B7266200999AFC /* MCRPhotoServiceConstants.h */ = {isa = PBXFileReference; fileEncoding = 4; lastKnownFileType = sourcecode.c.h; path = MCRPhotoServiceConstants.h; sourceTree = "<group>"; };
		DA35035218B7266200999AFC /* MCRPhotoServiceConstants.m */ = {isa = PBXFileReference; fileEncoding = 4; lastKnownFileType = sourcecode.c.objc; path = MCRPhotoServiceConstants.m; sourceTree = "<group>"; };
		DA35035318B7266200999AFC /* MCRPhotoServiceFactory.h */ = {isa = PBXFileReference; fileEncoding = 4; lastKnownFileType = sourcecode.c.h; path = MCRPhotoServiceFactory.h; sourceTree = "<group>"; };
		DA35035418B7266200999AFC /* MCRPhotoServiceFactory.m */ = {isa = PBXFileReference; fileEncoding = 4; lastKnownFileType = sourcecode.c.objc; path = MCRPhotoServiceFactory.m; sourceTree = "<group>"; };
		DA35035818B7267800999AFC /* Images.xcassets */ = {isa = PBXFileReference; lastKnownFileType = folder.assetcatalog; name = Images.xcassets; path = Maccori/Images.xcassets; sourceTree = SOURCE_ROOT; };
		DA35035918B7267800999AFC /* Maccori-Info.plist */ = {isa = PBXFileReference; fileEncoding = 4; lastKnownFileType = text.plist.xml; name = "Maccori-Info.plist"; path = "Maccori/Maccori-Info.plist"; sourceTree = SOURCE_ROOT; };
		DA35035A18B7267800999AFC /* Maccori-Prefix.pch */ = {isa = PBXFileReference; fileEncoding = 4; lastKnownFileType = sourcecode.c.h; name = "Maccori-Prefix.pch"; path = "Maccori/Maccori-Prefix.pch"; sourceTree = SOURCE_ROOT; };
		DA35035B18B7267800999AFC /* main.m */ = {isa = PBXFileReference; fileEncoding = 4; lastKnownFileType = sourcecode.c.objc; name = main.m; path = Maccori/main.m; sourceTree = SOURCE_ROOT; };
		DA35035C18B7267800999AFC /* Private.h */ = {isa = PBXFileReference; fileEncoding = 4; lastKnownFileType = sourcecode.c.h; name = Private.h; path = Maccori/Private.h; sourceTree = SOURCE_ROOT; };
		DA35036118B7269700999AFC /* Base */ = {isa = PBXFileReference; lastKnownFileType = file.storyboard; name = Base; path = Maccori/Base.lproj/Main_iPhone.storyboard; sourceTree = "<group>"; };
/* End PBXFileReference section */

/* Begin PBXFrameworksBuildPhase section */
		4F57013A180E5D0E00E12444 /* Frameworks */ = {
			isa = PBXFrameworksBuildPhase;
			buildActionMask = 2147483647;
			files = (
				8197E23618B8584900208F06 /* CoreText.framework in Frameworks */,
				8197E23418B8584000208F06 /* CoreData.framework in Frameworks */,
				8197E23218B8583600208F06 /* AdSupport.framework in Frameworks */,
				8197E23018B8582700208F06 /* Accelerate.framework in Frameworks */,
				4F570143180E5D0E00E12444 /* CoreGraphics.framework in Frameworks */,
				4F570145180E5D0E00E12444 /* UIKit.framework in Frameworks */,
				4F570141180E5D0E00E12444 /* Foundation.framework in Frameworks */,
				09545463FFA2473F9F223361 /* libPods.a in Frameworks */,
			);
			runOnlyForDeploymentPostprocessing = 0;
		};
/* End PBXFrameworksBuildPhase section */

/* Begin PBXGroup section */
		4F570134180E5D0E00E12444 = {
			isa = PBXGroup;
			children = (
				DA35032E18B725E600999AFC /* AppDelegate.h */,
				DA35032F18B725E600999AFC /* AppDelegate.m */,
				DA35033118B725EF00999AFC /* RootViewController.h */,
				DA35033218B725EF00999AFC /* RootViewController.m */,
				DA35036018B7269700999AFC /* Main_iPhone.storyboard */,
				DA35033418B7264D00999AFC /* Classes */,
				DA35034D18B7266200999AFC /* SponsorsAPI */,
				4F570147180E5D0E00E12444 /* Supporting Files */,
				4F57013F180E5D0E00E12444 /* Frameworks */,
				4F57013E180E5D0E00E12444 /* Products */,
			);
			sourceTree = "<group>";
		};
		4F57013E180E5D0E00E12444 /* Products */ = {
			isa = PBXGroup;
			children = (
				4F57013D180E5D0E00E12444 /* Maccori.app */,
			);
			name = Products;
			sourceTree = "<group>";
		};
		4F57013F180E5D0E00E12444 /* Frameworks */ = {
			isa = PBXGroup;
			children = (
				8197E23518B8584900208F06 /* CoreText.framework */,
				8197E23318B8584000208F06 /* CoreData.framework */,
				8197E23118B8583600208F06 /* AdSupport.framework */,
				8197E22F18B8582700208F06 /* Accelerate.framework */,
				4F97B28F18B066E500DED8C0 /* libcommonCrypto.dylib */,
				4F570140180E5D0E00E12444 /* Foundation.framework */,
				4F570142180E5D0E00E12444 /* CoreGraphics.framework */,
				4F570144180E5D0E00E12444 /* UIKit.framework */,
				4F570162180E5D0E00E12444 /* XCTest.framework */,
				81CB7D6B303A4384A940032C /* libPods.a */,
			);
			name = Frameworks;
			sourceTree = "<group>";
		};
		4F570147180E5D0E00E12444 /* Supporting Files */ = {
			isa = PBXGroup;
			children = (
				DA35035818B7267800999AFC /* Images.xcassets */,
				DA35035918B7267800999AFC /* Maccori-Info.plist */,
				DA35035A18B7267800999AFC /* Maccori-Prefix.pch */,
				DA35035B18B7267800999AFC /* main.m */,
				880742B9C52B4EC59B669AE3 /* Pods.xcconfig */,
			);
			name = "Supporting Files";
			path = Sample;
			sourceTree = "<group>";
		};
		DA35033418B7264D00999AFC /* Classes */ = {
			isa = PBXGroup;
			children = (
				DA35033518B7264D00999AFC /* MCRPhotoDisplayViewCell.h */,
				DA35033618B7264D00999AFC /* MCRPhotoDisplayViewCell.m */,
				DA35033718B7264D00999AFC /* MCRPhotoDisplayViewController.h */,
				DA35033818B7264D00999AFC /* MCRPhotoDisplayViewController.m */,
				DA35033918B7264D00999AFC /* MCRPhotoEditViewController.h */,
				DA35033A18B7264D00999AFC /* MCRPhotoEditViewController.m */,
				DA35033B18B7264D00999AFC /* MCRPhotoMetadata.h */,
				DA35033C18B7264D00999AFC /* MCRPhotoMetadata.m */,
				DA35033D18B7264D00999AFC /* MCRPhotoPickerController.h */,
				DA35033E18B7264D00999AFC /* MCRPhotoPickerController.m */,
				DA35033F18B7264D00999AFC /* MCRPhotoPickerControllerConstants.h */,
				DA35034018B7264D00999AFC /* MCRPhotoPickerControllerConstants.m */,
				DA35034118B7264D00999AFC /* MCRPhotoTag.h */,
				DA35034218B7264D00999AFC /* MCRPhotoTag.m */,
				DA35034318B7264D00999AFC /* UIImagePickerController+Edit.h */,
				DA35034418B7264D00999AFC /* UIImagePickerController+Edit.m */,
			);
			name = Classes;
			path = Maccori/Classes;
			sourceTree = "<group>";
		};
		DA35034D18B7266200999AFC /* SponsorsAPI */ = {
			isa = PBXGroup;
			children = (
				DA35035C18B7267800999AFC /* Private.h */,
				DA35034E18B7266200999AFC /* MCRPhotoServiceClient.h */,
				DA35034F18B7266200999AFC /* MCRPhotoServiceClient.m */,
				DA35035018B7266200999AFC /* MCRPhotoServiceClientProtocol.h */,
				DA35035118B7266200999AFC /* MCRPhotoServiceConstants.h */,
				DA35035218B7266200999AFC /* MCRPhotoServiceConstants.m */,
				DA35035318B7266200999AFC /* MCRPhotoServiceFactory.h */,
				DA35035418B7266200999AFC /* MCRPhotoServiceFactory.m */,
			);
			name = SponsorsAPI;
			path = Maccori/SponsorsAPI;
			sourceTree = "<group>";
		};
/* End PBXGroup section */

/* Begin PBXNativeTarget section */
		4F57013C180E5D0E00E12444 /* Maccori */ = {
			isa = PBXNativeTarget;
			buildConfigurationList = 4F570172180E5D0E00E12444 /* Build configuration list for PBXNativeTarget "Maccori" */;
			buildPhases = (
				30F253B1AD844622AB18D569 /* Check Pods Manifest.lock */,
				4F570139180E5D0E00E12444 /* Sources */,
				4F57013A180E5D0E00E12444 /* Frameworks */,
				4F57013B180E5D0E00E12444 /* Resources */,
				6DF7EC06DF4B4B1BA525B2C5 /* Copy Pods Resources */,
			);
			buildRules = (
			);
			dependencies = (
			);
			name = Maccori;
			productName = Sample;
			productReference = 4F57013D180E5D0E00E12444 /* Maccori.app */;
			productType = "com.apple.product-type.application";
		};
/* End PBXNativeTarget section */

/* Begin PBXProject section */
		4F570135180E5D0E00E12444 /* Project object */ = {
			isa = PBXProject;
			attributes = {
				CLASSPREFIX = MCR;
				LastUpgradeCheck = 0500;
				ORGANIZATIONNAME = mixi.inc.;
			};
			buildConfigurationList = 4F570138180E5D0E00E12444 /* Build configuration list for PBXProject "Maccori" */;
			compatibilityVersion = "Xcode 3.2";
			developmentRegion = English;
			hasScannedForEncodings = 0;
			knownRegions = (
				en,
				Base,
			);
			mainGroup = 4F570134180E5D0E00E12444;
			productRefGroup = 4F57013E180E5D0E00E12444 /* Products */;
			projectDirPath = "";
			projectRoot = "";
			targets = (
				4F57013C180E5D0E00E12444 /* Maccori */,
			);
		};
/* End PBXProject section */

/* Begin PBXResourcesBuildPhase section */
		4F57013B180E5D0E00E12444 /* Resources */ = {
			isa = PBXResourcesBuildPhase;
			buildActionMask = 2147483647;
			files = (
				DA35035D18B7267800999AFC /* Images.xcassets in Resources */,
				DA35036218B7269700999AFC /* Main_iPhone.storyboard in Resources */,
			);
			runOnlyForDeploymentPostprocessing = 0;
		};
/* End PBXResourcesBuildPhase section */

/* Begin PBXShellScriptBuildPhase section */
		30F253B1AD844622AB18D569 /* Check Pods Manifest.lock */ = {
			isa = PBXShellScriptBuildPhase;
			buildActionMask = 2147483647;
			files = (
			);
			inputPaths = (
			);
			name = "Check Pods Manifest.lock";
			outputPaths = (
			);
			runOnlyForDeploymentPostprocessing = 0;
			shellPath = /bin/sh;
			shellScript = "diff \"${PODS_ROOT}/../Podfile.lock\" \"${PODS_ROOT}/Manifest.lock\" > /dev/null\nif [[ $? != 0 ]] ; then\n    cat << EOM\nerror: The sandbox is not in sync with the Podfile.lock. Run 'pod install' or update your CocoaPods installation.\nEOM\n    exit 1\nfi\n";
			showEnvVarsInLog = 0;
		};
		6DF7EC06DF4B4B1BA525B2C5 /* Copy Pods Resources */ = {
			isa = PBXShellScriptBuildPhase;
			buildActionMask = 2147483647;
			files = (
			);
			inputPaths = (
			);
			name = "Copy Pods Resources";
			outputPaths = (
			);
			runOnlyForDeploymentPostprocessing = 0;
			shellPath = /bin/sh;
			shellScript = "\"${SRCROOT}/Pods/Pods-resources.sh\"\n";
			showEnvVarsInLog = 0;
		};
/* End PBXShellScriptBuildPhase section */

/* Begin PBXSourcesBuildPhase section */
		4F570139180E5D0E00E12444 /* Sources */ = {
			isa = PBXSourcesBuildPhase;
			buildActionMask = 2147483647;
			files = (
				DA35033018B725E600999AFC /* AppDelegate.m in Sources */,
				DA35035618B7266200999AFC /* MCRPhotoServiceConstants.m in Sources */,
				DA35034518B7264D00999AFC /* MCRPhotoDisplayViewCell.m in Sources */,
				DA35035518B7266200999AFC /* MCRPhotoServiceClient.m in Sources */,
				DA35034B18B7264D00999AFC /* MCRPhotoTag.m in Sources */,
				DA35033318B725EF00999AFC /* RootViewController.m in Sources */,
				DA35034918B7264D00999AFC /* MCRPhotoPickerController.m in Sources */,
				DA35034618B7264D00999AFC /* MCRPhotoDisplayViewController.m in Sources */,
				DA35034A18B7264D00999AFC /* MCRPhotoPickerControllerConstants.m in Sources */,
				DA35034818B7264D00999AFC /* MCRPhotoMetadata.m in Sources */,
				DA35035F18B7267800999AFC /* main.m in Sources */,
				DA35035718B7266200999AFC /* MCRPhotoServiceFactory.m in Sources */,
				DA35034C18B7264D00999AFC /* UIImagePickerController+Edit.m in Sources */,
				DA35034718B7264D00999AFC /* MCRPhotoEditViewController.m in Sources */,
			);
			runOnlyForDeploymentPostprocessing = 0;
		};
/* End PBXSourcesBuildPhase section */

/* Begin PBXVariantGroup section */
		DA35036018B7269700999AFC /* Main_iPhone.storyboard */ = {
			isa = PBXVariantGroup;
			children = (
				DA35036118B7269700999AFC /* Base */,
			);
			name = Main_iPhone.storyboard;
			sourceTree = "<group>";
		};
/* End PBXVariantGroup section */

/* Begin XCBuildConfiguration section */
		4F570170180E5D0E00E12444 /* Debug */ = {
			isa = XCBuildConfiguration;
			buildSettings = {
				ALWAYS_SEARCH_USER_PATHS = NO;
				ARCHS = "$(ARCHS_STANDARD_INCLUDING_64_BIT)";
				CLANG_CXX_LANGUAGE_STANDARD = "gnu++0x";
				CLANG_CXX_LIBRARY = "libc++";
				CLANG_ENABLE_MODULES = YES;
				CLANG_ENABLE_OBJC_ARC = YES;
				CLANG_WARN_BOOL_CONVERSION = YES;
				CLANG_WARN_CONSTANT_CONVERSION = YES;
				CLANG_WARN_DIRECT_OBJC_ISA_USAGE = YES_ERROR;
				CLANG_WARN_EMPTY_BODY = YES;
				CLANG_WARN_ENUM_CONVERSION = YES;
				CLANG_WARN_INT_CONVERSION = YES;
				CLANG_WARN_OBJC_ROOT_CLASS = YES_ERROR;
				CLANG_WARN__DUPLICATE_METHOD_MATCH = YES;
				"CODE_SIGN_IDENTITY[sdk=iphoneos*]" = "iPhone Developer";
				COPY_PHASE_STRIP = NO;
				GCC_C_LANGUAGE_STANDARD = gnu99;
				GCC_DYNAMIC_NO_PIC = NO;
				GCC_OPTIMIZATION_LEVEL = 0;
				GCC_PREPROCESSOR_DEFINITIONS = (
					"DEBUG=1",
					"$(inherited)",
				);
				GCC_SYMBOLS_PRIVATE_EXTERN = NO;
				GCC_WARN_64_TO_32_BIT_CONVERSION = YES;
				GCC_WARN_ABOUT_RETURN_TYPE = YES_ERROR;
				GCC_WARN_UNDECLARED_SELECTOR = YES;
				GCC_WARN_UNINITIALIZED_AUTOS = YES;
				GCC_WARN_UNUSED_FUNCTION = YES;
				GCC_WARN_UNUSED_VARIABLE = YES;
				IPHONEOS_DEPLOYMENT_TARGET = 7.0;
				ONLY_ACTIVE_ARCH = YES;
				SDKROOT = iphoneos;
				TARGETED_DEVICE_FAMILY = "1,2";
			};
			name = Debug;
		};
		4F570171180E5D0E00E12444 /* Release */ = {
			isa = XCBuildConfiguration;
			buildSettings = {
				ALWAYS_SEARCH_USER_PATHS = NO;
				ARCHS = "$(ARCHS_STANDARD_INCLUDING_64_BIT)";
				CLANG_CXX_LANGUAGE_STANDARD = "gnu++0x";
				CLANG_CXX_LIBRARY = "libc++";
				CLANG_ENABLE_MODULES = YES;
				CLANG_ENABLE_OBJC_ARC = YES;
				CLANG_WARN_BOOL_CONVERSION = YES;
				CLANG_WARN_CONSTANT_CONVERSION = YES;
				CLANG_WARN_DIRECT_OBJC_ISA_USAGE = YES_ERROR;
				CLANG_WARN_EMPTY_BODY = YES;
				CLANG_WARN_ENUM_CONVERSION = YES;
				CLANG_WARN_INT_CONVERSION = YES;
				CLANG_WARN_OBJC_ROOT_CLASS = YES_ERROR;
				CLANG_WARN__DUPLICATE_METHOD_MATCH = YES;
				"CODE_SIGN_IDENTITY[sdk=iphoneos*]" = "iPhone Developer";
				COPY_PHASE_STRIP = YES;
				ENABLE_NS_ASSERTIONS = NO;
				GCC_C_LANGUAGE_STANDARD = gnu99;
				GCC_WARN_64_TO_32_BIT_CONVERSION = YES;
				GCC_WARN_ABOUT_RETURN_TYPE = YES_ERROR;
				GCC_WARN_UNDECLARED_SELECTOR = YES;
				GCC_WARN_UNINITIALIZED_AUTOS = YES;
				GCC_WARN_UNUSED_FUNCTION = YES;
				GCC_WARN_UNUSED_VARIABLE = YES;
				IPHONEOS_DEPLOYMENT_TARGET = 7.0;
				SDKROOT = iphoneos;
				TARGETED_DEVICE_FAMILY = "1,2";
				VALIDATE_PRODUCT = YES;
			};
			name = Release;
		};
		4F570173180E5D0E00E12444 /* Debug */ = {
			isa = XCBuildConfiguration;
			baseConfigurationReference = 880742B9C52B4EC59B669AE3 /* Pods.xcconfig */;
			buildSettings = {
				ASSETCATALOG_COMPILER_APPICON_NAME = AppIcon;
				ASSETCATALOG_COMPILER_LAUNCHIMAGE_NAME = LaunchImage;
				GCC_PRECOMPILE_PREFIX_HEADER = YES;
				GCC_PREFIX_HEADER = "Maccori/Maccori-Prefix.pch";
				INFOPLIST_FILE = "Maccori/Maccori-Info.plist";
				PRODUCT_NAME = Maccori;
				TARGETED_DEVICE_FAMILY = 1;
				WRAPPER_EXTENSION = app;
			};
			name = Debug;
		};
		4F570174180E5D0E00E12444 /* Release */ = {
			isa = XCBuildConfiguration;
			baseConfigurationReference = 880742B9C52B4EC59B669AE3 /* Pods.xcconfig */;
			buildSettings = {
				ASSETCATALOG_COMPILER_APPICON_NAME = AppIcon;
				ASSETCATALOG_COMPILER_LAUNCHIMAGE_NAME = LaunchImage;
				GCC_PRECOMPILE_PREFIX_HEADER = YES;
				GCC_PREFIX_HEADER = "Maccori/Maccori-Prefix.pch";
				INFOPLIST_FILE = "Maccori/Maccori-Info.plist";
				PRODUCT_NAME = Maccori;
				TARGETED_DEVICE_FAMILY = 1;
				WRAPPER_EXTENSION = app;
			};
			name = Release;
		};
/* End XCBuildConfiguration section */

/* Begin XCConfigurationList section */
		4F570138180E5D0E00E12444 /* Build configuration list for PBXProject "Maccori" */ = {
			isa = XCConfigurationList;
			buildConfigurations = (
				4F570170180E5D0E00E12444 /* Debug */,
				4F570171180E5D0E00E12444 /* Release */,
			);
			defaultConfigurationIsVisible = 0;
			defaultConfigurationName = Release;
		};
		4F570172180E5D0E00E12444 /* Build configuration list for PBXNativeTarget "Maccori" */ = {
			isa = XCConfigurationList;
			buildConfigurations = (
				4F570173180E5D0E00E12444 /* Debug */,
				4F570174180E5D0E00E12444 /* Release */,
			);
			defaultConfigurationIsVisible = 0;
			defaultConfigurationName = Release;
		};
/* End XCConfigurationList section */
	};
	rootObject = 4F570135180E5D0E00E12444 /* Project object */;
}
